
Microsoft Visual Studio Solution File, Format Version 12.00
# Visual Studio Version 17
VisualStudioVersion = 17.7.34024.191
MinimumVisualStudioVersion = 10.0.40219.1
Project("{FAE04EC0-301F-11D3-BF4B-00C04F79EFBC}") = "WebApplication1", "WebApplication1.csproj", "{EC758D66-95E9-42B3-9C8C-0BB2F2F3BD47}"
EndProject
Global
	GlobalSection(SolutionConfigurationPlatforms) = preSolution
		Debug|Any CPU = Debug|Any CPU
		Release|Any CPU = Release|Any CPU
	EndGlobalSection
	GlobalSection(ProjectConfigurationPlatforms) = postSolution
		{EC758D66-95E9-42B3-9C8C-0BB2F2F3BD47}.Debug|Any CPU.ActiveCfg = Debug|Any CPU
		{EC758D66-95E9-42B3-9C8C-0BB2F2F3BD47}.Debug|Any CPU.Build.0 = Debug|Any CPU
		{EC758D66-95E9-42B3-9C8C-0BB2F2F3BD47}.Release|Any CPU.ActiveCfg = Release|Any CPU
		{EC758D66-95E9-42B3-9C8C-0BB2F2F3BD47}.Release|Any CPU.Build.0 = Release|Any CPU
	EndGlobalSection
	GlobalSection(SolutionProperties) = preSolution
		HideSolutionNode = FALSE
	EndGlobalSection
	GlobalSection(ExtensibilityGlobals) = postSolution
		SolutionGuid = {72EE5C56-5F17-414F-A64E-BC3BEADD9179}
	EndGlobalSection
EndGlobal
